
Microsoft Visual Studio Solution File, Format Version 12.00
# Visual Studio Version 16
VisualStudioVersion = 16.0.30523.141
MinimumVisualStudioVersion = 10.0.40219.1
Project("{9A19103F-16F7-4668-BE54-9A1E7A4F7556}") = "WebProducerConsumerExample", "WebProducerConsumerExample\WebProducerConsumerExample.csproj", "{5F14C64C-12A7-44CA-AC56-7A24066C9011}"
EndProject
Project("{FAE04EC0-301F-11D3-BF4B-00C04F79EFBC}") = "ConsoleApp1", "ConsoleApp1\ConsoleApp1.csproj", "{84C32C55-8570-4D12-AD82-CE6C9900F06C}"
EndProject
Global
	GlobalSection(SolutionConfigurationPlatforms) = preSolution
		Debug|Any CPU = Debug|Any CPU
		Release|Any CPU = Release|Any CPU
	EndGlobalSection
	GlobalSection(ProjectConfigurationPlatforms) = postSolution
		{5F14C64C-12A7-44CA-AC56-7A24066C9011}.Debug|Any CPU.ActiveCfg = Debug|Any CPU
		{5F14C64C-12A7-44CA-AC56-7A24066C9011}.Debug|Any CPU.Build.0 = Debug|Any CPU
		{5F14C64C-12A7-44CA-AC56-7A24066C9011}.Release|Any CPU.ActiveCfg = Release|Any CPU
		{5F14C64C-12A7-44CA-AC56-7A24066C9011}.Release|Any CPU.Build.0 = Release|Any CPU
		{84C32C55-8570-4D12-AD82-CE6C9900F06C}.Debug|Any CPU.ActiveCfg = Debug|Any CPU
		{84C32C55-8570-4D12-AD82-CE6C9900F06C}.Debug|Any CPU.Build.0 = Debug|Any CPU
		{84C32C55-8570-4D12-AD82-CE6C9900F06C}.Release|Any CPU.ActiveCfg = Release|Any CPU
		{84C32C55-8570-4D12-AD82-CE6C9900F06C}.Release|Any CPU.Build.0 = Release|Any CPU
	EndGlobalSection
	GlobalSection(SolutionProperties) = preSolution
		HideSolutionNode = FALSE
	EndGlobalSection
	GlobalSection(ExtensibilityGlobals) = postSolution
		SolutionGuid = {E9B98C76-7B99-40CA-A32D-B0FB53ADF5C2}
	EndGlobalSection
EndGlobal
